
Microsoft Visual Studio Solution File, Format Version 12.00
# Visual Studio Version 17
VisualStudioVersion = 17.3.32819.101
MinimumVisualStudioVersion = 10.0.40219.1
Project("{9A19103F-16F7-4668-BE54-9A1E7A4F7556}") = "1.DAL", "1.DAL\1.DAL.csproj", "{EF94E02F-DAE0-4EA9-AF7B-229D619ACA6C}"
EndProject
Project("{9A19103F-16F7-4668-BE54-9A1E7A4F7556}") = "2.BUS", "2.BUS\2.BUS.csproj", "{2C972D9D-89F8-4150-B06C-89D471E5E27E}"
EndProject
Project("{FAE04EC0-301F-11D3-BF4B-00C04F79EFBC}") = "3.PL", "3.PL\3.PL.csproj", "{B3E7C34C-1E79-4B6E-BBB0-5C7D35554CB0}"
EndProject
Global
	GlobalSection(SolutionConfigurationPlatforms) = preSolution
		Debug|Any CPU = Debug|Any CPU
		Release|Any CPU = Release|Any CPU
	EndGlobalSection
	GlobalSection(ProjectConfigurationPlatforms) = postSolution
		{EF94E02F-DAE0-4EA9-AF7B-229D619ACA6C}.Debug|Any CPU.ActiveCfg = Debug|Any CPU
		{EF94E02F-DAE0-4EA9-AF7B-229D619ACA6C}.Debug|Any CPU.Build.0 = Debug|Any CPU
		{EF94E02F-DAE0-4EA9-AF7B-229D619ACA6C}.Release|Any CPU.ActiveCfg = Release|Any CPU
		{EF94E02F-DAE0-4EA9-AF7B-229D619ACA6C}.Release|Any CPU.Build.0 = Release|Any CPU
		{2C972D9D-89F8-4150-B06C-89D471E5E27E}.Debug|Any CPU.ActiveCfg = Debug|Any CPU
		{2C972D9D-89F8-4150-B06C-89D471E5E27E}.Debug|Any CPU.Build.0 = Debug|Any CPU
		{2C972D9D-89F8-4150-B06C-89D471E5E27E}.Release|Any CPU.ActiveCfg = Release|Any CPU
		{2C972D9D-89F8-4150-B06C-89D471E5E27E}.Release|Any CPU.Build.0 = Release|Any CPU
		{B3E7C34C-1E79-4B6E-BBB0-5C7D35554CB0}.Debug|Any CPU.ActiveCfg = Debug|Any CPU
		{B3E7C34C-1E79-4B6E-BBB0-5C7D35554CB0}.Debug|Any CPU.Build.0 = Debug|Any CPU
		{B3E7C34C-1E79-4B6E-BBB0-5C7D35554CB0}.Release|Any CPU.ActiveCfg = Release|Any CPU
		{B3E7C34C-1E79-4B6E-BBB0-5C7D35554CB0}.Release|Any CPU.Build.0 = Release|Any CPU
	EndGlobalSection
	GlobalSection(SolutionProperties) = preSolution
		HideSolutionNode = FALSE
	EndGlobalSection
	GlobalSection(ExtensibilityGlobals) = postSolution
		SolutionGuid = {EB00DA50-BEE6-4B5B-B353-315D6D4851BA}
	EndGlobalSection
EndGlobal
